
Microsoft Visual Studio Solution File, Format Version 12.00
# Visual Studio Version 16
VisualStudioVersion = 16.0.29123.88
MinimumVisualStudioVersion = 10.0.40219.1
Project("{9A19103F-16F7-4668-BE54-9A1E7A4F7556}") = "Slick.Models", "Slick.Models\Slick.Models.csproj", "{FF827F22-07D6-40B8-920F-77151395A3E6}"
EndProject
Project("{9A19103F-16F7-4668-BE54-9A1E7A4F7556}") = "Slick.Database", "Slick.Database\Slick.Database.csproj", "{E74BEC1F-6C3C-45D3-8EFD-2314B215B821}"
EndProject
Project("{9A19103F-16F7-4668-BE54-9A1E7A4F7556}") = "Slick.Api", "Slick.Api\Slick.Api.csproj", "{39E5AFE0-6A8E-4654-A1C8-499845FEA0E4}"
EndProject
Project("{FAE04EC0-301F-11D3-BF4B-00C04F79EFBC}") = "Slick.Repositories", "Slick.Repositories\Slick.Repositories.csproj", "{ACEBF12C-F1B9-42CB-880E-3573C6D08088}"
EndProject
Project("{FAE04EC0-301F-11D3-BF4B-00C04F79EFBC}") = "Slick.Services", "Slick.Services\Slick.Services.csproj", "{CBA0831C-B767-4E5B-ABE1-95ACE9F9B674}"
EndProject
Global
	GlobalSection(SolutionConfigurationPlatforms) = preSolution
		Debug|Any CPU = Debug|Any CPU
		Release|Any CPU = Release|Any CPU
	EndGlobalSection
	GlobalSection(ProjectConfigurationPlatforms) = postSolution
		{FF827F22-07D6-40B8-920F-77151395A3E6}.Debug|Any CPU.ActiveCfg = Debug|Any CPU
		{FF827F22-07D6-40B8-920F-77151395A3E6}.Debug|Any CPU.Build.0 = Debug|Any CPU
		{FF827F22-07D6-40B8-920F-77151395A3E6}.Release|Any CPU.ActiveCfg = Release|Any CPU
		{FF827F22-07D6-40B8-920F-77151395A3E6}.Release|Any CPU.Build.0 = Release|Any CPU
		{E74BEC1F-6C3C-45D3-8EFD-2314B215B821}.Debug|Any CPU.ActiveCfg = Debug|Any CPU
		{E74BEC1F-6C3C-45D3-8EFD-2314B215B821}.Debug|Any CPU.Build.0 = Debug|Any CPU
		{E74BEC1F-6C3C-45D3-8EFD-2314B215B821}.Release|Any CPU.ActiveCfg = Release|Any CPU
		{E74BEC1F-6C3C-45D3-8EFD-2314B215B821}.Release|Any CPU.Build.0 = Release|Any CPU
		{39E5AFE0-6A8E-4654-A1C8-499845FEA0E4}.Debug|Any CPU.ActiveCfg = Debug|Any CPU
		{39E5AFE0-6A8E-4654-A1C8-499845FEA0E4}.Debug|Any CPU.Build.0 = Debug|Any CPU
		{39E5AFE0-6A8E-4654-A1C8-499845FEA0E4}.Release|Any CPU.ActiveCfg = Release|Any CPU
		{39E5AFE0-6A8E-4654-A1C8-499845FEA0E4}.Release|Any CPU.Build.0 = Release|Any CPU
		{ACEBF12C-F1B9-42CB-880E-3573C6D08088}.Debug|Any CPU.ActiveCfg = Debug|Any CPU
		{ACEBF12C-F1B9-42CB-880E-3573C6D08088}.Debug|Any CPU.Build.0 = Debug|Any CPU
		{ACEBF12C-F1B9-42CB-880E-3573C6D08088}.Release|Any CPU.ActiveCfg = Release|Any CPU
		{ACEBF12C-F1B9-42CB-880E-3573C6D08088}.Release|Any CPU.Build.0 = Release|Any CPU
		{CBA0831C-B767-4E5B-ABE1-95ACE9F9B674}.Debug|Any CPU.ActiveCfg = Debug|Any CPU
		{CBA0831C-B767-4E5B-ABE1-95ACE9F9B674}.Debug|Any CPU.Build.0 = Debug|Any CPU
		{CBA0831C-B767-4E5B-ABE1-95ACE9F9B674}.Release|Any CPU.ActiveCfg = Release|Any CPU
		{CBA0831C-B767-4E5B-ABE1-95ACE9F9B674}.Release|Any CPU.Build.0 = Release|Any CPU
	EndGlobalSection
	GlobalSection(SolutionProperties) = preSolution
		HideSolutionNode = FALSE
	EndGlobalSection
	GlobalSection(ExtensibilityGlobals) = postSolution
		SolutionGuid = {99A4A514-AE20-4FC2-A5A5-1B014019829E}
	EndGlobalSection
EndGlobal
